
Microsoft Visual Studio Solution File, Format Version 12.00
# Visual Studio Version 17
VisualStudioVersion = 17.7.34024.191
MinimumVisualStudioVersion = 10.0.40219.1
Project("{9A19103F-16F7-4668-BE54-9A1E7A4F7556}") = "PL", "PL\PL.csproj", "{3AC29425-766B-4C28-853F-53EA6CF1BB53}"
EndProject
Project("{FAE04EC0-301F-11D3-BF4B-00C04F79EFBC}") = "ML", "ML\ML.csproj", "{2C89E96A-F826-4E84-B270-8BCEB244822B}"
EndProject
Project("{FAE04EC0-301F-11D3-BF4B-00C04F79EFBC}") = "DL", "DL\DL.csproj", "{959CD59A-C678-4217-B906-469AB8F927D1}"
EndProject
Project("{FAE04EC0-301F-11D3-BF4B-00C04F79EFBC}") = "BL", "BL\BL.csproj", "{6D198C38-36BC-4BFE-9B94-BC80F4888D53}"
EndProject
Project("{FAE04EC0-301F-11D3-BF4B-00C04F79EFBC}") = "WebAPI", "WebAPI\WebAPI.csproj", "{022F2C4F-4EB1-4E9D-916D-AA8E987BFC12}"
EndProject
Global
	GlobalSection(SolutionConfigurationPlatforms) = preSolution
		Debug|Any CPU = Debug|Any CPU
		Release|Any CPU = Release|Any CPU
	EndGlobalSection
	GlobalSection(ProjectConfigurationPlatforms) = postSolution
		{3AC29425-766B-4C28-853F-53EA6CF1BB53}.Debug|Any CPU.ActiveCfg = Debug|Any CPU
		{3AC29425-766B-4C28-853F-53EA6CF1BB53}.Debug|Any CPU.Build.0 = Debug|Any CPU
		{3AC29425-766B-4C28-853F-53EA6CF1BB53}.Release|Any CPU.ActiveCfg = Release|Any CPU
		{3AC29425-766B-4C28-853F-53EA6CF1BB53}.Release|Any CPU.Build.0 = Release|Any CPU
		{2C89E96A-F826-4E84-B270-8BCEB244822B}.Debug|Any CPU.ActiveCfg = Debug|Any CPU
		{2C89E96A-F826-4E84-B270-8BCEB244822B}.Debug|Any CPU.Build.0 = Debug|Any CPU
		{2C89E96A-F826-4E84-B270-8BCEB244822B}.Release|Any CPU.ActiveCfg = Release|Any CPU
		{2C89E96A-F826-4E84-B270-8BCEB244822B}.Release|Any CPU.Build.0 = Release|Any CPU
		{959CD59A-C678-4217-B906-469AB8F927D1}.Debug|Any CPU.ActiveCfg = Debug|Any CPU
		{959CD59A-C678-4217-B906-469AB8F927D1}.Debug|Any CPU.Build.0 = Debug|Any CPU
		{959CD59A-C678-4217-B906-469AB8F927D1}.Release|Any CPU.ActiveCfg = Release|Any CPU
		{959CD59A-C678-4217-B906-469AB8F927D1}.Release|Any CPU.Build.0 = Release|Any CPU
		{6D198C38-36BC-4BFE-9B94-BC80F4888D53}.Debug|Any CPU.ActiveCfg = Debug|Any CPU
		{6D198C38-36BC-4BFE-9B94-BC80F4888D53}.Debug|Any CPU.Build.0 = Debug|Any CPU
		{6D198C38-36BC-4BFE-9B94-BC80F4888D53}.Release|Any CPU.ActiveCfg = Release|Any CPU
		{6D198C38-36BC-4BFE-9B94-BC80F4888D53}.Release|Any CPU.Build.0 = Release|Any CPU
		{022F2C4F-4EB1-4E9D-916D-AA8E987BFC12}.Debug|Any CPU.ActiveCfg = Debug|Any CPU
		{022F2C4F-4EB1-4E9D-916D-AA8E987BFC12}.Debug|Any CPU.Build.0 = Debug|Any CPU
		{022F2C4F-4EB1-4E9D-916D-AA8E987BFC12}.Release|Any CPU.ActiveCfg = Release|Any CPU
		{022F2C4F-4EB1-4E9D-916D-AA8E987BFC12}.Release|Any CPU.Build.0 = Release|Any CPU
	EndGlobalSection
	GlobalSection(SolutionProperties) = preSolution
		HideSolutionNode = FALSE
	EndGlobalSection
	GlobalSection(ExtensibilityGlobals) = postSolution
		SolutionGuid = {32B1F9C5-1C04-4677-9014-9496623BBCE7}
	EndGlobalSection
EndGlobal
